
Microsoft Visual Studio Solution File, Format Version 12.00
# Visual Studio Version 17
VisualStudioVersion = 17.13.35828.75 d17.13
MinimumVisualStudioVersion = 10.0.40219.1
Project("{FAE04EC0-301F-11D3-BF4B-00C04F79EFBC}") = "Calculadoraexercicio.ConsoleApp", "Calculadoraexercicio.ConsoleApp\Calculadoraexercicio.ConsoleApp.csproj", "{5FFAD16E-7D27-45AC-ABB7-F2BA3AD01B79}"
EndProject
Global
	GlobalSection(SolutionConfigurationPlatforms) = preSolution
		Debug|Any CPU = Debug|Any CPU
		Release|Any CPU = Release|Any CPU
	EndGlobalSection
	GlobalSection(ProjectConfigurationPlatforms) = postSolution
		{5FFAD16E-7D27-45AC-ABB7-F2BA3AD01B79}.Debug|Any CPU.ActiveCfg = Debug|Any CPU
		{5FFAD16E-7D27-45AC-ABB7-F2BA3AD01B79}.Debug|Any CPU.Build.0 = Debug|Any CPU
		{5FFAD16E-7D27-45AC-ABB7-F2BA3AD01B79}.Release|Any CPU.ActiveCfg = Release|Any CPU
		{5FFAD16E-7D27-45AC-ABB7-F2BA3AD01B79}.Release|Any CPU.Build.0 = Release|Any CPU
	EndGlobalSection
	GlobalSection(SolutionProperties) = preSolution
		HideSolutionNode = FALSE
	EndGlobalSection
	GlobalSection(ExtensibilityGlobals) = postSolution
		SolutionGuid = {0A3A2DF1-1A9D-4F66-8013-1C0A894068A1}
	EndGlobalSection
EndGlobal
